
Microsoft Visual Studio Solution File, Format Version 12.00
Project("{FAE04EC0-301F-11D3-BF4B-00C04F79EFBC}") = "CalendarApp.Api", "CalendarApp.Api\CalendarApp.Api.csproj", "{380E3F57-8811-49A3-BF9C-E116B18626A1}"
EndProject
Project("{FAE04EC0-301F-11D3-BF4B-00C04F79EFBC}") = "CalendarApp.Tests", "CalendarApp.Tests\CalendarApp.Tests.csproj", "{7616F4E0-5524-40C0-8B9E-646A60D5295C}"
EndProject
Global
	GlobalSection(SolutionConfigurationPlatforms) = preSolution
		Debug|Any CPU = Debug|Any CPU
		Release|Any CPU = Release|Any CPU
	EndGlobalSection
	GlobalSection(ProjectConfigurationPlatforms) = postSolution
		{380E3F57-8811-49A3-BF9C-E116B18626A1}.Debug|Any CPU.ActiveCfg = Debug|Any CPU
		{380E3F57-8811-49A3-BF9C-E116B18626A1}.Debug|Any CPU.Build.0 = Debug|Any CPU
		{380E3F57-8811-49A3-BF9C-E116B18626A1}.Release|Any CPU.ActiveCfg = Release|Any CPU
		{380E3F57-8811-49A3-BF9C-E116B18626A1}.Release|Any CPU.Build.0 = Release|Any CPU
		{7616F4E0-5524-40C0-8B9E-646A60D5295C}.Debug|Any CPU.ActiveCfg = Debug|Any CPU
		{7616F4E0-5524-40C0-8B9E-646A60D5295C}.Debug|Any CPU.Build.0 = Debug|Any CPU
		{7616F4E0-5524-40C0-8B9E-646A60D5295C}.Release|Any CPU.ActiveCfg = Release|Any CPU
		{7616F4E0-5524-40C0-8B9E-646A60D5295C}.Release|Any CPU.Build.0 = Release|Any CPU
	EndGlobalSection
EndGlobal
